{
    "name": "@magda/gateway",
    "version": "0.0.39-0",
    "lockfileVersion": 1,
    "requires": true,
    "dependencies": {
        "@types/body-parser": {
            "version": "1.17.0",
            "resolved":
                "https://registry.npmjs.org/@types/body-parser/-/body-parser-1.17.0.tgz",
            "integrity":
                "sha512-a2+YeUjPkztKJu5aIF2yArYFQQp8d51wZ7DavSHjFuY1mqVgidGyzEQ41JIVNy82fXj8yPgy2vJmfIywgESW6w==",
            "dev": true,
            "requires": {
                "@types/connect": "3.4.32",
                "@types/node": "10.0.3"
            },
            "dependencies": {
                "@types/node": {
                    "version": "10.0.3",
                    "resolved":
                        "https://registry.npmjs.org/@types/node/-/node-10.0.3.tgz",
                    "integrity":
                        "sha512-J7nx6JzxmtT4zyvfLipYL7jNaxvlCWpyG7JhhCQ4fQyG+AGfovAHoYR55TFx+X8akfkUJYpt5JG6GPeFMjZaCQ==",
                    "dev": true
                }
            }
        },
        "@types/connect": {
            "version": "3.4.32",
            "resolved":
                "https://registry.npmjs.org/@types/connect/-/connect-3.4.32.tgz",
            "integrity":
                "sha512-4r8qa0quOvh7lGD0pre62CAb1oni1OO6ecJLGCezTmhQ8Fz50Arx9RUszryR8KlgK6avuSXvviL6yWyViQABOg==",
            "dev": true,
            "requires": {
                "@types/node": "10.0.3"
            },
            "dependencies": {
                "@types/node": {
                    "version": "10.0.3",
                    "resolved":
                        "https://registry.npmjs.org/@types/node/-/node-10.0.3.tgz",
                    "integrity":
                        "sha512-J7nx6JzxmtT4zyvfLipYL7jNaxvlCWpyG7JhhCQ4fQyG+AGfovAHoYR55TFx+X8akfkUJYpt5JG6GPeFMjZaCQ==",
                    "dev": true
                }
            }
        },
        "@types/events": {
            "version": "1.2.0",
            "resolved":
                "https://registry.npmjs.org/@types/events/-/events-1.2.0.tgz",
            "integrity":
                "sha512-KEIlhXnIutzKwRbQkGWb/I4HFqBuUykAdHgDED6xqwXJfONCjF5VoE0cXEiurh3XauygxzeDzgtXUqvLkxFzzA==",
            "dev": true
        },
        "@types/express": {
            "version": "4.11.1",
            "resolved":
                "https://registry.npmjs.org/@types/express/-/express-4.11.1.tgz",
            "integrity":
                "sha512-ttWle8cnPA5rAelauSWeWJimtY2RsUf2aspYZs7xPHiWgOlPn6nnUfBMtrkcnjFJuIHJF4gNOdVvpLK2Zmvh6g==",
            "dev": true,
            "requires": {
                "@types/body-parser": "1.17.0",
                "@types/express-serve-static-core": "4.11.1",
                "@types/serve-static": "1.13.2"
            }
        },
        "@types/express-serve-static-core": {
            "version": "4.11.1",
            "resolved":
                "https://registry.npmjs.org/@types/express-serve-static-core/-/express-serve-static-core-4.11.1.tgz",
            "integrity":
                "sha512-EehCl3tpuqiM8RUb+0255M8PhhSwTtLfmO7zBBdv0ay/VTd/zmrqDfQdZFsa5z/PVMbH2yCMZPXsnrImpATyIw==",
            "dev": true,
            "requires": {
                "@types/events": "1.2.0",
                "@types/node": "10.0.3"
            },
            "dependencies": {
                "@types/node": {
                    "version": "10.0.3",
                    "resolved":
                        "https://registry.npmjs.org/@types/node/-/node-10.0.3.tgz",
                    "integrity":
                        "sha512-J7nx6JzxmtT4zyvfLipYL7jNaxvlCWpyG7JhhCQ4fQyG+AGfovAHoYR55TFx+X8akfkUJYpt5JG6GPeFMjZaCQ==",
                    "dev": true
                }
            }
        },
        "@types/mime": {
            "version": "2.0.0",
            "resolved":
                "https://registry.npmjs.org/@types/mime/-/mime-2.0.0.tgz",
            "integrity":
                "sha512-A2TAGbTFdBw9azHbpVd+/FkdW2T6msN1uct1O9bH3vTerEHKZhTXJUQXy+hNq1B0RagfU8U+KBdqiZpxjhOUQA==",
            "dev": true
        },
        "@types/passport": {
            "version": "0.4.5",
            "resolved":
                "https://registry.npmjs.org/@types/passport/-/passport-0.4.5.tgz",
            "integrity":
                "sha512-Ow5akVXwEZlOPCWGbEGy0GX4ocdwKz7JJH1K+BMd/BSOxmJTo2obH2AKbsgcncQvw5z7AGopdIu1Ap/j9sMRnQ==",
            "dev": true,
            "requires": {
                "@types/express": "4.11.1"
            }
        },
        "@types/passport-facebook": {
            "version": "2.1.8",
            "resolved":
                "https://registry.npmjs.org/@types/passport-facebook/-/passport-facebook-2.1.8.tgz",
            "integrity":
                "sha512-5FGF6zNN0ZELetEdIDjVjfHSJfXSehNWeRLv9/8JD6Des4Z9A7sthhyXVRQUXeUxv0SmQ/i+IHZjR8R/G61wIg==",
            "dev": true,
            "requires": {
                "@types/express": "4.11.1",
                "@types/passport": "0.4.5"
            }
        },
        "@types/serve-static": {
            "version": "1.13.2",
            "resolved":
                "https://registry.npmjs.org/@types/serve-static/-/serve-static-1.13.2.tgz",
            "integrity":
                "sha512-/BZ4QRLpH/bNYgZgwhKEh+5AsboDBcUdlBYgzoLX0fpj3Y2gp6EApyOlM3bK53wQS/OE1SrdSYBAbux2D1528Q==",
            "dev": true,
            "requires": {
                "@types/express-serve-static-core": "4.11.1",
                "@types/mime": "2.0.0"
            }
        }
    }
}
