dependencies:
- name: apidocs-server
  repository: file://../internal-charts/apidocs-server
  version: 0.0.60-alpha.0
- name: authorization-api
  repository: file://../internal-charts/authorization-api
  version: 0.0.60-alpha.0
- name: authorization-db
  repository: file://../internal-charts/authorization-db
  version: 0.0.60-alpha.0
- name: cloud-sql-proxy
  repository: file://../internal-charts/cloud-sql-proxy
  version: 0.0.60-alpha.0
- name: combined-db
  repository: file://../internal-charts/combined-db
  version: 0.0.60-alpha.0
- name: content-api
  repository: file://../internal-charts/content-api
  version: 0.0.60-alpha.0
- name: content-db
  repository: file://../internal-charts/content-db
  version: 0.0.60-alpha.0
- name: correspondence-api
  repository: file://../internal-charts/correspondence-api
  version: 0.0.60-alpha.0
- name: elasticsearch
  repository: file://../internal-charts/elasticsearch
  version: 0.0.60-alpha.0
- name: gateway
  repository: file://../internal-charts/gateway
  version: 0.0.60-alpha.0
- name: indexer
  repository: file://../internal-charts/indexer
  version: 0.0.60-alpha.0
- name: magda-preview-map
  repository: https://charts.magda.io
  version: 0.0.58
- name: registry-api
  repository: file://../internal-charts/registry-api
  version: 0.0.60-alpha.0
- name: registry-db
  repository: file://../internal-charts/registry-db
  version: 0.0.60-alpha.0
- name: search-api
  repository: file://../internal-charts/search-api
  version: 0.0.60-alpha.0
- name: search-api-node
  repository: file://../internal-charts/search-api-node
  version: 0.0.60-alpha.0
- name: session-db
  repository: file://../internal-charts/session-db
  version: 0.0.60-alpha.0
- name: web-server
  repository: file://../internal-charts/web-server
  version: 0.0.60-alpha.0
- name: admin-api
  repository: file://../internal-charts/admin-api
  version: 0.0.60-alpha.0
- name: opa
  repository: file://../internal-charts/opa
  version: 0.0.60-alpha.0
- name: storage-api
  repository: file://../internal-charts/storage-api
  version: 0.0.60-alpha.0
- name: tenant-api
  repository: file://../internal-charts/tenant-api
  version: 0.0.60-alpha.0
- name: tenant-db
  repository: file://../internal-charts/tenant-db
  version: 0.0.60-alpha.0
- name: openfaas
  repository: file://../openfaas
  version: 5.5.5-magda
- name: priorities
  repository: file://../internal-charts/priorities
  version: 0.0.60-alpha.0
- name: ingress
  repository: file://../internal-charts/ingress
  version: 0.0.60-alpha.0
digest: sha256:207fc0d55ca01716b16fab485448bbaf6eea326970080ff1cfbb8fd02a121182
generated: "2021-01-21T22:35:58.200793+11:00"
