{
    "requires": true,
    "lockfileVersion": 1,
    "dependencies": {
        "nodemailer": {
            "version": "4.6.4",
            "resolved": "https://registry.npmjs.org/nodemailer/-/nodemailer-4.6.4.tgz",
            "integrity": "sha512-SD4uuX7NMzZ5f5m1XHDd13J4UC3SmdJk8DsmU1g6Nrs5h3x9LcXr6EBPZIqXRJ3LrF7RdklzGhZRF/TuylTcLg=="
        }
    },
    "version": "0.0.56-terria-6"
}
