dependencies:
- name: magda
  repository: file://../magda
  version: 5.2.0
- name: magda-auth-google
  repository: oci://ghcr.io/magda-io/charts
  version: 3.0.0
- name: magda-auth-internal
  repository: oci://ghcr.io/magda-io/charts
  version: 2.0.0
- name: magda-auth-arcgis
  repository: oci://ghcr.io/magda-io/charts
  version: 2.0.1
- name: magda-auth-facebook
  repository: oci://ghcr.io/magda-io/charts
  version: 2.0.0
- name: magda-ckan-connector
  repository: oci://ghcr.io/magda-io/charts
  version: 2.1.0
- name: magda-project-open-data-connector
  repository: oci://ghcr.io/magda-io/charts
  version: 2.0.0
- name: magda-project-open-data-connector
  repository: oci://ghcr.io/magda-io/charts
  version: 2.0.0
- name: magda-csw-connector
  repository: oci://ghcr.io/magda-io/charts
  version: 2.0.2
- name: magda-csw-connector
  repository: oci://ghcr.io/magda-io/charts
  version: 2.0.2
- name: magda-csw-connector
  repository: oci://ghcr.io/magda-io/charts
  version: 2.0.2
- name: magda-ckan-connector
  repository: oci://ghcr.io/magda-io/charts
  version: 2.1.0
- name: magda-ckan-connector
  repository: oci://ghcr.io/magda-io/charts
  version: 2.1.0
- name: magda-project-open-data-connector
  repository: oci://ghcr.io/magda-io/charts
  version: 2.0.0
- name: magda-project-open-data-connector
  repository: oci://ghcr.io/magda-io/charts
  version: 2.0.0
- name: magda-csw-connector
  repository: oci://ghcr.io/magda-io/charts
  version: 2.0.2
- name: magda-csw-connector
  repository: oci://ghcr.io/magda-io/charts
  version: 2.0.2
- name: magda-csw-connector
  repository: oci://ghcr.io/magda-io/charts
  version: 2.0.2
- name: magda-project-open-data-connector
  repository: oci://ghcr.io/magda-io/charts
  version: 2.0.0
- name: magda-project-open-data-connector
  repository: oci://ghcr.io/magda-io/charts
  version: 2.0.0
- name: magda-project-open-data-connector
  repository: oci://ghcr.io/magda-io/charts
  version: 2.0.0
- name: magda-csw-connector
  repository: oci://ghcr.io/magda-io/charts
  version: 2.0.2
- name: magda-project-open-data-connector
  repository: oci://ghcr.io/magda-io/charts
  version: 2.0.0
- name: magda-csw-connector
  repository: oci://ghcr.io/magda-io/charts
  version: 2.0.2
- name: magda-ckan-connector
  repository: oci://ghcr.io/magda-io/charts
  version: 2.1.0
- name: magda-ckan-connector
  repository: oci://ghcr.io/magda-io/charts
  version: 2.1.0
- name: magda-ckan-connector
  repository: oci://ghcr.io/magda-io/charts
  version: 2.1.0
- name: magda-project-open-data-connector
  repository: oci://ghcr.io/magda-io/charts
  version: 2.0.0
- name: magda-csw-connector
  repository: oci://ghcr.io/magda-io/charts
  version: 2.0.2
- name: magda-csw-connector
  repository: oci://ghcr.io/magda-io/charts
  version: 2.0.2
- name: magda-ckan-connector
  repository: oci://ghcr.io/magda-io/charts
  version: 2.1.0
- name: magda-ckan-connector
  repository: oci://ghcr.io/magda-io/charts
  version: 2.1.0
- name: magda-dap-connector
  repository: oci://ghcr.io/magda-io/charts
  version: 2.0.0
- name: magda-project-open-data-connector
  repository: oci://ghcr.io/magda-io/charts
  version: 2.0.0
- name: magda-project-open-data-connector
  repository: oci://ghcr.io/magda-io/charts
  version: 2.0.0
- name: magda-project-open-data-connector
  repository: oci://ghcr.io/magda-io/charts
  version: 2.0.0
digest: sha256:87378891612d97c583d7adf2c898950780d313e62b832fb39e6153d8d4308ead
generated: "2025-04-30T00:44:57.118297045Z"
