dependencies:
- name: magda
  repository: file://../magda
  version: 7.0.0-pr.3762.2
- name: magda-auth-google
  repository: oci://ghcr.io/magda-io/charts
  version: 3.0.0
- name: magda-auth-internal
  repository: oci://ghcr.io/magda-io/charts
  version: 3.0.0
- name: magda-auth-arcgis
  repository: oci://ghcr.io/magda-io/charts
  version: 2.0.1
- name: magda-auth-facebook
  repository: oci://ghcr.io/magda-io/charts
  version: 2.0.0
- name: magda-ckan-connector
  repository: oci://ghcr.io/magda-io/charts
  version: 2.1.0
- name: magda-project-open-data-connector
  repository: oci://ghcr.io/magda-io/charts
  version: 2.0.0
- name: magda-project-open-data-connector
  repository: oci://ghcr.io/magda-io/charts
  version: 2.0.0
- name: magda-csw-connector
  repository: oci://ghcr.io/magda-io/charts
  version: 2.0.2
- name: magda-csw-connector
  repository: oci://ghcr.io/magda-io/charts
  version: 2.0.2
- name: magda-csw-connector
  repository: oci://ghcr.io/magda-io/charts
  version: 2.0.2
- name: magda-ckan-connector
  repository: oci://ghcr.io/magda-io/charts
  version: 2.1.0
- name: magda-project-open-data-connector
  repository: oci://ghcr.io/magda-io/charts
  version: 2.0.0
- name: magda-project-open-data-connector
  repository: oci://ghcr.io/magda-io/charts
  version: 2.0.0
- name: magda-csw-connector
  repository: oci://ghcr.io/magda-io/charts
  version: 2.0.2
- name: magda-csw-connector
  repository: oci://ghcr.io/magda-io/charts
  version: 2.0.2
- name: magda-project-open-data-connector
  repository: oci://ghcr.io/magda-io/charts
  version: 2.0.0
- name: magda-project-open-data-connector
  repository: oci://ghcr.io/magda-io/charts
  version: 2.0.0
- name: magda-project-open-data-connector
  repository: oci://ghcr.io/magda-io/charts
  version: 2.0.0
- name: magda-csw-connector
  repository: oci://ghcr.io/magda-io/charts
  version: 2.0.2
- name: magda-project-open-data-connector
  repository: oci://ghcr.io/magda-io/charts
  version: 2.0.0
- name: magda-ckan-connector
  repository: oci://ghcr.io/magda-io/charts
  version: 2.1.0
- name: magda-ckan-connector
  repository: oci://ghcr.io/magda-io/charts
  version: 2.1.0
- name: magda-ckan-connector
  repository: oci://ghcr.io/magda-io/charts
  version: 2.1.0
- name: magda-csw-connector
  repository: oci://ghcr.io/magda-io/charts
  version: 2.0.2
- name: magda-csw-connector
  repository: oci://ghcr.io/magda-io/charts
  version: 2.0.2
- name: magda-ckan-connector
  repository: oci://ghcr.io/magda-io/charts
  version: 2.1.0
- name: magda-ckan-connector
  repository: oci://ghcr.io/magda-io/charts
  version: 2.1.0
- name: magda-dap-connector
  repository: oci://ghcr.io/magda-io/charts
  version: 2.0.0
- name: magda-project-open-data-connector
  repository: oci://ghcr.io/magda-io/charts
  version: 2.0.0
- name: magda-project-open-data-connector
  repository: oci://ghcr.io/magda-io/charts
  version: 2.0.0
- name: magda-project-open-data-connector
  repository: oci://ghcr.io/magda-io/charts
  version: 2.0.0
- name: magda-project-open-data-connector
  repository: oci://ghcr.io/magda-io/charts
  version: 2.0.0
- name: magda-ckan-connector
  repository: oci://ghcr.io/magda-io/charts
  version: 2.1.0
- name: magda-project-open-data-connector
  repository: oci://ghcr.io/magda-io/charts
  version: 2.0.0
- name: magda-project-open-data-connector
  repository: oci://ghcr.io/magda-io/charts
  version: 2.0.0
digest: sha256:917a6c7ae0686289a113ea8a3a03d0e1c81332d3bcfa8866400f0c00b80e4a76
generated: "2026-08-08T06:35:04.374008889Z"
