dependencies:
- name: magda
  repository: file://../magda
  version: 0.0.60-alpha.10
- name: magda-auth-google
  repository: https://charts.magda.io
  version: 1.0.1
- name: magda-auth-ckan
  repository: https://charts.magda.io
  version: 1.0.1
- name: magda-auth-internal
  repository: https://charts.magda.io
  version: 1.0.1
- name: magda-auth-arcgis
  repository: https://charts.magda.io
  version: 1.0.1
- name: magda-ckan-connector
  repository: https://charts.magda.io
  version: 0.0.57-0
- name: magda-project-open-data-connector
  repository: https://charts.magda.io
  version: 0.0.57-0
- name: magda-project-open-data-connector
  repository: https://charts.magda.io
  version: 0.0.57-0
- name: magda-csw-connector
  repository: https://charts.magda.io
  version: 0.0.57-0
- name: magda-csw-connector
  repository: https://charts.magda.io
  version: 0.0.57-0
- name: magda-csw-connector
  repository: https://charts.magda.io
  version: 0.0.57-0
- name: magda-csw-connector
  repository: https://charts.magda.io
  version: 0.0.57-0
- name: magda-ckan-connector
  repository: https://charts.magda.io
  version: 0.0.57-0
- name: magda-project-open-data-connector
  repository: https://charts.magda.io
  version: 0.0.57-0
- name: magda-project-open-data-connector
  repository: https://charts.magda.io
  version: 0.0.57-0
- name: magda-csw-connector
  repository: https://charts.magda.io
  version: 0.0.57-0
- name: magda-csw-connector
  repository: https://charts.magda.io
  version: 0.0.57-0
- name: magda-project-open-data-connector
  repository: https://charts.magda.io
  version: 0.0.57-0
- name: magda-csw-connector
  repository: https://charts.magda.io
  version: 0.0.57-0
- name: magda-project-open-data-connector
  repository: https://charts.magda.io
  version: 0.0.57-0
- name: magda-project-open-data-connector
  repository: https://charts.magda.io
  version: 0.0.57-0
- name: magda-project-open-data-connector
  repository: https://charts.magda.io
  version: 0.0.57-0
- name: magda-csw-connector
  repository: https://charts.magda.io
  version: 0.0.57-0
- name: magda-project-open-data-connector
  repository: https://charts.magda.io
  version: 0.0.57-0
- name: magda-csw-connector
  repository: https://charts.magda.io
  version: 0.0.57-0
- name: magda-ckan-connector
  repository: https://charts.magda.io
  version: 0.0.57-0
- name: magda-csw-connector
  repository: https://charts.magda.io
  version: 0.0.57-0
- name: magda-ckan-connector
  repository: https://charts.magda.io
  version: 0.0.57-0
- name: magda-ckan-connector
  repository: https://charts.magda.io
  version: 0.0.57-0
- name: magda-project-open-data-connector
  repository: https://charts.magda.io
  version: 0.0.57-0
- name: magda-csw-connector
  repository: https://charts.magda.io
  version: 0.0.57-0
- name: magda-csw-connector
  repository: https://charts.magda.io
  version: 0.0.57-0
- name: magda-ckan-connector
  repository: https://charts.magda.io
  version: 0.0.57-0
- name: magda-ckan-connector
  repository: https://charts.magda.io
  version: 0.0.57-0
- name: magda-dap-connector
  repository: https://charts.magda.io
  version: 0.0.57-0
- name: magda-project-open-data-connector
  repository: https://charts.magda.io
  version: 0.0.57-0
- name: magda-project-open-data-connector
  repository: https://charts.magda.io
  version: 0.0.57-0
- name: magda-project-open-data-connector
  repository: https://charts.magda.io
  version: 0.0.57-0
digest: sha256:a97b8c561f65c5183ab8dbf31b41b8c4d2b0739fc796e5f806e56470a05f3953
generated: "2021-06-01T10:21:06.388549+10:00"
