{
    "dependencies": {
        "string-replace-webpack-plugin": {
            "version": "0.1.3",
            "from": "string-replace-webpack-plugin@0.1.3",
            "dependencies": {
                "css-loader": {
                    "version": "0.28.9",
                    "from": "css-loader@^0.28.9"
                }
            }
        }
    }
}
