dependencies:
- name: magda-core
  repository: file://../magda-core
  version: 7.0.0-pr.3637.2
- name: openfaas
  repository: oci://ghcr.io/magda-io/charts
  version: 5.5.5-magda.3
- name: magda-function-history-report
  repository: oci://ghcr.io/magda-io/charts
  version: 2.0.0
- name: magda-minion-broken-link
  repository: oci://ghcr.io/magda-io/charts
  version: 3.0.0
- name: magda-minion-format
  repository: oci://ghcr.io/magda-io/charts
  version: 2.0.1
- name: magda-minion-linked-data-rating
  repository: oci://ghcr.io/magda-io/charts
  version: 2.0.0
- name: magda-minion-visualization
  repository: oci://ghcr.io/magda-io/charts
  version: 2.0.0
- name: magda-minion-ckan-exporter
  repository: oci://ghcr.io/magda-io/charts
  version: 2.0.0
- name: magda-ckan-connector
  repository: oci://ghcr.io/magda-io/charts
  version: 2.0.0
- name: magda-function-esri-url-processor
  repository: oci://ghcr.io/magda-io/charts
  version: 2.0.0
- name: magda-pdf-semantic-indexer
  repository: oci://ghcr.io/magda-io/charts
  version: 1.0.1
- name: magda-csv-semantic-indexer
  repository: oci://ghcr.io/magda-io/charts
  version: 1.0.0-alpha.2
digest: sha256:b4c45d77217a1cff16f5985180b29e75bcf150904cf0991e0975d94ed35023c6
generated: "2026-07-26T12:47:07.57961547Z"
