dependencies:
- name: magda-core
  repository: file://../magda-core
  version: 4.0.1
- name: openfaas
  repository: oci://ghcr.io/magda-io/charts
  version: 5.5.5-magda.3
- name: magda-function-history-report
  repository: oci://ghcr.io/magda-io/charts
  version: 2.0.0
- name: magda-minion-broken-link
  repository: oci://ghcr.io/magda-io/charts
  version: 3.0.0
- name: magda-minion-format
  repository: oci://ghcr.io/magda-io/charts
  version: 2.0.1
- name: magda-minion-linked-data-rating
  repository: oci://ghcr.io/magda-io/charts
  version: 2.0.0
- name: magda-minion-visualization
  repository: oci://ghcr.io/magda-io/charts
  version: 2.0.0
- name: magda-minion-ckan-exporter
  repository: oci://ghcr.io/magda-io/charts
  version: 2.0.0
- name: magda-ckan-connector
  repository: oci://ghcr.io/magda-io/charts
  version: 2.0.0
- name: magda-function-esri-url-processor
  repository: oci://ghcr.io/magda-io/charts
  version: 2.0.0
digest: sha256:410e43213183aa8bbf46d922ea6bdcc48d777a8412ec7e3dc57d4b1d876f10ad
generated: "2024-06-21T14:05:07.971092831Z"
