dependencies:
- name: magda-core
  repository: file://../magda-core
  version: 0.0.57-0
- name: magda-minion-broken-link
  repository: https://charts.magda.io
  version: 0.0.57-0
- name: magda-minion-format
  repository: https://charts.magda.io
  version: 0.0.57-0
- name: magda-minion-linked-data-rating
  repository: https://charts.magda.io
  version: 0.0.57-0
- name: magda-minion-visualization
  repository: https://charts.magda.io
  version: 0.0.57-0
- name: magda-ckan-connector
  repository: https://charts.magda.io
  version: 0.0.57-0
- name: magda-project-open-data-connector
  repository: https://charts.magda.io
  version: 0.0.57-0
- name: magda-project-open-data-connector
  repository: https://charts.magda.io
  version: 0.0.57-0
- name: magda-csw-connector
  repository: https://charts.magda.io
  version: 0.0.57-0
- name: magda-csw-connector
  repository: https://charts.magda.io
  version: 0.0.57-0
- name: magda-csw-connector
  repository: https://charts.magda.io
  version: 0.0.57-0
- name: magda-csw-connector
  repository: https://charts.magda.io
  version: 0.0.57-0
- name: magda-ckan-connector
  repository: https://charts.magda.io
  version: 0.0.57-0
- name: magda-project-open-data-connector
  repository: https://charts.magda.io
  version: 0.0.57-0
- name: magda-project-open-data-connector
  repository: https://charts.magda.io
  version: 0.0.57-0
- name: magda-csw-connector
  repository: https://charts.magda.io
  version: 0.0.57-0
- name: magda-csw-connector
  repository: https://charts.magda.io
  version: 0.0.57-0
- name: magda-project-open-data-connector
  repository: https://charts.magda.io
  version: 0.0.57-0
- name: magda-csw-connector
  repository: https://charts.magda.io
  version: 0.0.57-0
- name: magda-project-open-data-connector
  repository: https://charts.magda.io
  version: 0.0.57-0
- name: magda-project-open-data-connector
  repository: https://charts.magda.io
  version: 0.0.57-0
- name: magda-project-open-data-connector
  repository: https://charts.magda.io
  version: 0.0.57-0
- name: magda-csw-connector
  repository: https://charts.magda.io
  version: 0.0.57-0
- name: magda-project-open-data-connector
  repository: https://charts.magda.io
  version: 0.0.57-0
- name: magda-csw-connector
  repository: https://charts.magda.io
  version: 0.0.57-0
- name: magda-ckan-connector
  repository: https://charts.magda.io
  version: 0.0.57-0
- name: magda-csw-connector
  repository: https://charts.magda.io
  version: 0.0.57-0
- name: magda-ckan-connector
  repository: https://charts.magda.io
  version: 0.0.57-0
- name: magda-ckan-connector
  repository: https://charts.magda.io
  version: 0.0.57-0
- name: magda-project-open-data-connector
  repository: https://charts.magda.io
  version: 0.0.57-0
- name: magda-csw-connector
  repository: https://charts.magda.io
  version: 0.0.57-0
- name: magda-csw-connector
  repository: https://charts.magda.io
  version: 0.0.57-0
- name: magda-ckan-connector
  repository: https://charts.magda.io
  version: 0.0.57-0
- name: magda-ckan-connector
  repository: https://charts.magda.io
  version: 0.0.57-0
- name: magda-dap-connector
  repository: https://charts.magda.io
  version: 0.0.57-0
- name: magda-project-open-data-connector
  repository: https://charts.magda.io
  version: 0.0.57-0
- name: magda-project-open-data-connector
  repository: https://charts.magda.io
  version: 0.0.57-0
- name: magda-project-open-data-connector
  repository: https://charts.magda.io
  version: 0.0.57-0
- name: magda-esri-portal-connector
  repository: https://charts.magda.io
  version: 0.0.57-0
digest: sha256:c5d2a2670f1d927954123e020518da4188cf567360840019ecedc34a2dbbe017
generated: "2020-02-18T13:18:14.540352+11:00"
