dependencies:
- name: apidocs-server
  repository: ""
  version: 1.0.0
- name: authorization-api
  repository: ""
  version: 1.0.0
- name: authorization-db
  repository: ""
  version: 1.0.0
- name: combined-db
  repository: ""
  version: 1.0.0
- name: content-api
  repository: ""
  version: 1.0.0
- name: content-db
  repository: ""
  version: 1.0.0
- name: correspondence-api
  repository: ""
  version: 1.0.0
- name: elasticsearch
  repository: ""
  version: 1.0.0
- name: gateway
  repository: ""
  version: 1.0.0
- name: indexer
  repository: ""
  version: 1.0.0
- name: preview-map
  repository: ""
  version: 1.0.0
- name: registry-api
  repository: ""
  version: 1.0.0
- name: registry-db
  repository: ""
  version: 1.0.0
- name: search-api
  repository: ""
  version: 1.0.0
- name: session-db
  repository: ""
  version: 1.0.0
- name: web-server
  repository: ""
  version: 1.0.0
- name: connectors
  repository: ""
  version: 1.0.0
- name: admin-api
  repository: ""
  version: 1.0.0
- name: opa
  repository: ""
  version: 1.0.0
- name: tenant-api
  repository: ""
  version: 1.0.0
- name: tenant-db
  repository: ""
  version: 1.0.0
- name: minion-broken-link
  repository: ""
  version: 1.0.0
- name: minion-format
  repository: ""
  version: 1.0.0
- name: minion-linked-data-rating
  repository: ""
  version: 1.0.0
- name: minion-visualization
  repository: ""
  version: 1.0.0
- name: priorities
  repository: ""
  version: 1.0.0
- name: ingress
  repository: ""
  version: 1.0.0
digest: sha256:4ca0b052efe7d415d29c3b5c58f1964b131099c51546de0c6e0265d52a1fb4ee
generated: "2020-01-08T17:14:16.677138+11:00"
