dependencies:
- name: magda-core
  repository: file://../magda-core
  version: 0.0.57-0
- name: openfaas
  repository: https://openfaas.github.io/faas-netes/
  version: 5.5.4
- name: magda-minion-broken-link
  repository: https://charts.magda.io
  version: 0.0.57-0
- name: magda-minion-format
  repository: https://charts.magda.io
  version: 0.0.57-0
- name: magda-minion-linked-data-rating
  repository: https://charts.magda.io
  version: 0.0.57-0
- name: magda-minion-visualization
  repository: https://charts.magda.io
  version: 0.0.57-0
- name: magda-ckan-connector
  repository: https://charts.magda.io
  version: 0.0.57-0-openfaas
digest: sha256:11ff7ba756173bd075f292c21b12b00ce57e0abe840b6776304938bcf27c0595
generated: "2020-03-06T12:28:35.117026+11:00"
